<?xml version="1.0" encoding="utf-8"?>
<Project ToolsVersion="4.0" xmlns="http://schemas.microsoft.com/developer/msbuild/2003">
  <ItemGroup>
    <Filter Include="Fichiers sources">
      <UniqueIdentifier>{4FC737F1-C7A5-4376-A066-2A32D752A2FF}</UniqueIdentifier>
      <Extensions>cpp;c;cc;cxx;c++;cppm;ixx;def;odl;idl;hpj;bat;asm;asmx</Extensions>
    </Filter>
    <Filter Include="Fichiers d%27en-tête">
      <UniqueIdentifier>{93995380-89BD-4b04-88EB-625FBE52EBFB}</UniqueIdentifier>
      <Extensions>h;hh;hpp;hxx;h++;hm;inl;inc;ipp;xsd</Extensions>
    </Filter>
    <Filter Include="Fichiers de ressources">
      <UniqueIdentifier>{67DA6AB6-F800-4c08-8B7A-83BB121AAD01}</UniqueIdentifier>
      <Extensions>rc;ico;cur;bmp;dlg;rc2;rct;bin;rgs;gif;jpg;jpeg;jpe;resx;tiff;tif;png;wav;mfcribbon-ms</Extensions>
    </Filter>
    <Filter Include="Fichiers sources\CAD cpp">
      <UniqueIdentifier>{8067a545-1c5e-4470-b591-8355b6643015}</UniqueIdentifier>
    </Filter>
    <Filter Include="Fichiers sources\MAP cpp">
      <UniqueIdentifier>{ea5755a1-1912-41f8-b0db-518a7b712859}</UniqueIdentifier>
    </Filter>
    <Filter Include="Fichiers sources\Service cpp">
      <UniqueIdentifier>{51741883-6918-4811-85b9-73011cb7216d}</UniqueIdentifier>
    </Filter>
    <Filter Include="Fichiers sources\Pas toucher">
      <UniqueIdentifier>{3c0f5e97-9c0a-418b-80e4-ccf32b895807}</UniqueIdentifier>
    </Filter>
  </ItemGroup>
  <ItemGroup>
    <ClCompile Include="CAD.cpp">
      <Filter>Fichiers sources\CAD cpp</Filter>
    </ClCompile>
    <ClCompile Include="exempleCLmap.cpp">
      <Filter>Fichiers sources\MAP cpp</Filter>
    </ClCompile>
    <ClCompile Include="CLservices.cpp">
      <Filter>Fichiers sources\Service cpp</Filter>
    </ClCompile>
    <ClCompile Include="pch.cpp">
      <Filter>Fichiers sources\Pas toucher</Filter>
    </ClCompile>
    <ClCompile Include="WinForm.cpp">
      <Filter>Fichiers sources\Pas toucher</Filter>
    </ClCompile>
    <ClCompile Include="CL_Mapping_Adresse.cpp">
      <Filter>Fichiers sources\MAP cpp</Filter>
    </ClCompile>
    <ClCompile Include="CL_Mapping_Article.cpp">
      <Filter>Fichiers sources\MAP cpp</Filter>
    </ClCompile>
    <ClCompile Include="CL_Mapping_Beneficier.cpp">
      <Filter>Fichiers sources\MAP cpp</Filter>
    </ClCompile>
    <ClCompile Include="CL_Mapping_Client.cpp">
      <Filter>Fichiers sources\MAP cpp</Filter>
    </ClCompile>
    <ClCompile Include="CL_Mapping_Commande.cpp">
      <Filter>Fichiers sources\MAP cpp</Filter>
    </ClCompile>
    <ClCompile Include="CL_Mappping_Composer.cpp">
      <Filter>Fichiers sources\MAP cpp</Filter>
    </ClCompile>
    <ClCompile Include="CL_Mapping_Employer.cpp">
      <Filter>Fichiers sources\MAP cpp</Filter>
    </ClCompile>
    <ClCompile Include="CL_Mapping_Paiement.cpp">
      <Filter>Fichiers sources\MAP cpp</Filter>
    </ClCompile>
    <ClCompile Include="CL_Mapping_Remise.cpp">
      <Filter>Fichiers sources\MAP cpp</Filter>
    </ClCompile>
    <ClCompile Include="CL_Mapping_Taxe.cpp">
      <Filter>Fichiers sources\MAP cpp</Filter>
    </ClCompile>
    <ClCompile Include="CL_Mapping_Ville.cpp">
      <Filter>Fichiers sources\MAP cpp</Filter>
    </ClCompile>
    <ClCompile Include="CL_Mapping_Mode_De_Paiement.cpp">
      <Filter>Fichiers sources\MAP cpp</Filter>
    </ClCompile>
    <ClCompile Include="CL_Mapping_Taxer.cpp">
      <Filter>Fichiers sources\MAP cpp</Filter>
    </ClCompile>
  </ItemGroup>
  <ItemGroup>
    <ClInclude Include="MyForm.h">
      <Filter>Fichiers d%27en-tête</Filter>
    </ClInclude>
    <ClInclude Include="CLservices.h">
      <Filter>Fichiers d%27en-tête</Filter>
    </ClInclude>
    <ClInclude Include="exemplemap.h">
      <Filter>Fichiers d%27en-tête</Filter>
    </ClInclude>
    <ClInclude Include="pch.h">
      <Filter>Fichiers d%27en-tête</Filter>
    </ClInclude>
    <ClInclude Include="CAD.h">
      <Filter>Fichiers d%27en-tête</Filter>
    </ClInclude>
    <ClInclude Include="CL_Mapping_Adresse.h">
      <Filter>Fichiers sources\MAP cpp</Filter>
    </ClInclude>
    <ClInclude Include="CL_Mapping_Article.h">
      <Filter>Fichiers sources\MAP cpp</Filter>
    </ClInclude>
    <ClInclude Include="CL_Mapping_Beneficier.h">
      <Filter>Fichiers sources\MAP cpp</Filter>
    </ClInclude>
    <ClInclude Include="CL_Mapping_Client.h">
      <Filter>Fichiers sources\MAP cpp</Filter>
    </ClInclude>
    <ClInclude Include="CL_Mapping_Commande.h">
      <Filter>Fichiers sources\MAP cpp</Filter>
    </ClInclude>
    <ClInclude Include="CL_Mapping_Composer.h">
      <Filter>Fichiers sources\MAP cpp</Filter>
    </ClInclude>
    <ClInclude Include="CL_Mapping_Employer.h">
      <Filter>Fichiers sources\MAP cpp</Filter>
    </ClInclude>
    <ClInclude Include="CL_Mapping_Paiement.h">
      <Filter>Fichiers sources\MAP cpp</Filter>
    </ClInclude>
    <ClInclude Include="CL_Mapping_Remise.h">
      <Filter>Fichiers sources\MAP cpp</Filter>
    </ClInclude>
    <ClInclude Include="CL_Mapping_Ville.h">
      <Filter>Fichiers sources\MAP cpp</Filter>
    </ClInclude>
    <ClInclude Include="CL_Mapping_Taxe.h">
      <Filter>Fichiers sources\MAP cpp</Filter>
    </ClInclude>
    <ClInclude Include="CL_Mapping_Mode_De_Paiement.h">
      <Filter>Fichiers sources\MAP cpp</Filter>
    </ClInclude>
    <ClInclude Include="CL_Mapping_Taxer.h">
      <Filter>Fichiers sources\MAP cpp</Filter>
    </ClInclude>
  </ItemGroup>
  <ItemGroup>
    <Text Include="Commentaire.txt">
      <Filter>Fichiers sources</Filter>
    </Text>
  </ItemGroup>
  <ItemGroup>
    <None Include="..\..\..\..\Desktop\tout\CESI\POO\Projet\Livrable 2\mpdsql.sql">
      <Filter>Fichiers sources</Filter>
    </None>
  </ItemGroup>
</Project>